
Microsoft Visual Studio Solution File, Format Version 12.00
# Visual Studio Version 17
VisualStudioVersion = 17.14.36221.1 d17.14
MinimumVisualStudioVersion = 10.0.40219.1
Project("{FAE04EC0-301F-11D3-BF4B-00C04F79EFBC}") = "tp_modbus_ngoywangoy", "tp_modbus_ngoywangoy.csproj", "{675D32D0-AD47-4DA0-8EC3-033D7F1938E7}"
EndProject
Global
	GlobalSection(SolutionConfigurationPlatforms) = preSolution
		Debug|Any CPU = Debug|Any CPU
		Release|Any CPU = Release|Any CPU
	EndGlobalSection
	GlobalSection(ProjectConfigurationPlatforms) = postSolution
		{675D32D0-AD47-4DA0-8EC3-033D7F1938E7}.Debug|Any CPU.ActiveCfg = Debug|Any CPU
		{675D32D0-AD47-4DA0-8EC3-033D7F1938E7}.Debug|Any CPU.Build.0 = Debug|Any CPU
		{675D32D0-AD47-4DA0-8EC3-033D7F1938E7}.Release|Any CPU.ActiveCfg = Release|Any CPU
		{675D32D0-AD47-4DA0-8EC3-033D7F1938E7}.Release|Any CPU.Build.0 = Release|Any CPU
	EndGlobalSection
	GlobalSection(SolutionProperties) = preSolution
		HideSolutionNode = FALSE
	EndGlobalSection
	GlobalSection(ExtensibilityGlobals) = postSolution
		SolutionGuid = {DB1EBD73-A7EC-491B-93B8-0524C7D381E3}
	EndGlobalSection
EndGlobal
